// !$*UTF8*$!
{
	archiveVersion = 1;
	classes = {
	};
	objectVersion = 46;
	objects = {

/* Begin PBXBuildFile section */
		5803F0CF1C190FFC0071FDDA /* RVRefreshViewController.m in Sources */ = {isa = PBXBuildFile; fileRef = 5803F0CD1C190FFC0071FDDA /* RVRefreshViewController.m */; };
		5803F0D01C190FFC0071FDDA /* RVRefreshViewController.xib in Resources */ = {isa = PBXBuildFile; fileRef = 5803F0CE1C190FFC0071FDDA /* RVRefreshViewController.xib */; };
		5803F0D41C1913260071FDDA /* RVScrollViewController.m in Sources */ = {isa = PBXBuildFile; fileRef = 5803F0D21C1913260071FDDA /* RVScrollViewController.m */; };
		5803F0D51C1913260071FDDA /* RVScrollViewController.xib in Resources */ = {isa = PBXBuildFile; fileRef = 5803F0D31C1913260071FDDA /* RVScrollViewController.xib */; };
		5803F0D91C196F520071FDDA /* RVRectViewController.m in Sources */ = {isa = PBXBuildFile; fileRef = 5803F0D71C196F520071FDDA /* RVRectViewController.m */; };
		5803F0DA1C196F520071FDDA /* RVRectViewController.xib in Resources */ = {isa = PBXBuildFile; fileRef = 5803F0D81C196F520071FDDA /* RVRectViewController.xib */; };
		5850B26C1BF47F2A00EC9144 /* main.mm in Sources */ = {isa = PBXBuildFile; fileRef = 5850B26B1BF47F2A00EC9144 /* main.mm */; };
		5850B26F1BF47F2A00EC9144 /* AppDelegate.m in Sources */ = {isa = PBXBuildFile; fileRef = 5850B26E1BF47F2A00EC9144 /* AppDelegate.m */; };
		5850B2771BF47F2A00EC9144 /* Assets.xcassets in Resources */ = {isa = PBXBuildFile; fileRef = 5850B2761BF47F2A00EC9144 /* Assets.xcassets */; };
		5850B2841BF4803E00EC9144 /* coretext-image-1.jpg in Resources */ = {isa = PBXBuildFile; fileRef = 5850B2821BF4803E00EC9144 /* coretext-image-1.jpg */; };
		5850B2851BF4803E00EC9144 /* coretext-image-2.jpg in Resources */ = {isa = PBXBuildFile; fileRef = 5850B2831BF4803E00EC9144 /* coretext-image-2.jpg */; };
		5886CDAE1C182D7500013C76 /* RVMenuViewController.m in Sources */ = {isa = PBXBuildFile; fileRef = 5886CDAC1C182D7500013C76 /* RVMenuViewController.m */; };
		5886CDAF1C182D7500013C76 /* RVMenuViewController.xib in Resources */ = {isa = PBXBuildFile; fileRef = 5886CDAD1C182D7500013C76 /* RVMenuViewController.xib */; };
		5886CDB21C182E4F00013C76 /* UIViewController+RV.m in Sources */ = {isa = PBXBuildFile; fileRef = 5886CDB11C182E4F00013C76 /* UIViewController+RV.m */; };
		5892A8231C1672FC00EEE3D6 /* QuartzCore.framework in Frameworks */ = {isa = PBXBuildFile; fileRef = 5892A8221C1672FC00EEE3D6 /* QuartzCore.framework */; };
		58AAC3141C38CDF20023D2EA /* RVButtonViewController.m in Sources */ = {isa = PBXBuildFile; fileRef = 58AAC3121C38CDF20023D2EA /* RVButtonViewController.m */; };
		58AAC3151C38CDF20023D2EA /* RVButtonViewController.xib in Resources */ = {isa = PBXBuildFile; fileRef = 58AAC3131C38CDF20023D2EA /* RVButtonViewController.xib */; };
		58BF5F891C16BAC500E8AEF3 /* MainViewController.m in Sources */ = {isa = PBXBuildFile; fileRef = 58BF5F871C16BAC500E8AEF3 /* MainViewController.m */; };
		58BF5F8A1C16BAC500E8AEF3 /* MainViewController.xib in Resources */ = {isa = PBXBuildFile; fileRef = 58BF5F881C16BAC500E8AEF3 /* MainViewController.xib */; };
		58CA8D5B1C1ABEFB00A507BE /* RVTransformViewController.m in Sources */ = {isa = PBXBuildFile; fileRef = 58CA8D591C1ABEFB00A507BE /* RVTransformViewController.m */; };
		58CA8D5C1C1ABEFB00A507BE /* RVTransformViewController.xib in Resources */ = {isa = PBXBuildFile; fileRef = 58CA8D5A1C1ABEFB00A507BE /* RVTransformViewController.xib */; };
		58D6602A1C256BAD00912786 /* RVWYViewController.m in Sources */ = {isa = PBXBuildFile; fileRef = 58D660281C256BAD00912786 /* RVWYViewController.m */; };
		58D6602B1C256BAD00912786 /* RVWYViewController.xib in Resources */ = {isa = PBXBuildFile; fileRef = 58D660291C256BAD00912786 /* RVWYViewController.xib */; };
		58D660381C2571A700912786 /* RXMenuItemView.m in Sources */ = {isa = PBXBuildFile; fileRef = 58D660301C2571A700912786 /* RXMenuItemView.m */; };
		58D660391C2571A700912786 /* RXMenuView.m in Sources */ = {isa = PBXBuildFile; fileRef = 58D660321C2571A700912786 /* RXMenuView.m */; };
		58D6603A1C2571A700912786 /* RXItemView.m in Sources */ = {isa = PBXBuildFile; fileRef = 58D660351C2571A700912786 /* RXItemView.m */; };
		58D6603B1C2571A700912786 /* RXRefreshView.m in Sources */ = {isa = PBXBuildFile; fileRef = 58D660371C2571A700912786 /* RXRefreshView.m */; };
		58D660491C25A54A00912786 /* RVPopupBoxViewController.m in Sources */ = {isa = PBXBuildFile; fileRef = 58D660471C25A54A00912786 /* RVPopupBoxViewController.m */; };
		58D6604A1C25A54A00912786 /* RVPopupBoxViewController.xib in Resources */ = {isa = PBXBuildFile; fileRef = 58D660481C25A54A00912786 /* RVPopupBoxViewController.xib */; };
		58FF7D761C4623A200F06976 /* libPaymentControl.a in Frameworks */ = {isa = PBXBuildFile; fileRef = 58FF7D741C4623A200F06976 /* libPaymentControl.a */; };
		58FF7D781C4623DC00F06976 /* CFNetwork.framework in Frameworks */ = {isa = PBXBuildFile; fileRef = 58FF7D771C4623DC00F06976 /* CFNetwork.framework */; };
		58FF7D7A1C4623E900F06976 /* SystemConfiguration.framework in Frameworks */ = {isa = PBXBuildFile; fileRef = 58FF7D791C4623E900F06976 /* SystemConfiguration.framework */; };
		58FF7D7C1C4623F000F06976 /* libz.tbd in Frameworks */ = {isa = PBXBuildFile; fileRef = 58FF7D7B1C4623F000F06976 /* libz.tbd */; };
		58FF7D851C4624E000F06976 /* RVUPPayViewController.m in Sources */ = {isa = PBXBuildFile; fileRef = 58FF7D831C4624E000F06976 /* RVUPPayViewController.m */; };
		58FF7D861C4624E000F06976 /* RVUPPayViewController.xib in Resources */ = {isa = PBXBuildFile; fileRef = 58FF7D841C4624E000F06976 /* RVUPPayViewController.xib */; };
		688362FEF9A294D3EAF9F0B6 /* libPods.a in Frameworks */ = {isa = PBXBuildFile; fileRef = DA873A2C4D346B9960AB9F28 /* libPods.a */; };
		C9C326071CA28E9F00E65090 /* RVGCDViewController.m in Sources */ = {isa = PBXBuildFile; fileRef = C9C326051CA28E9F00E65090 /* RVGCDViewController.m */; };
		C9C326081CA28E9F00E65090 /* RVGCDViewController.xib in Resources */ = {isa = PBXBuildFile; fileRef = C9C326061CA28E9F00E65090 /* RVGCDViewController.xib */; };
/* End PBXBuildFile section */

/* Begin PBXFileReference section */
		37734B22BC636E123BE17792 /* Pods.release.xcconfig */ = {isa = PBXFileReference; includeInIndex = 1; lastKnownFileType = text.xcconfig; name = Pods.release.xcconfig; path = "Pods/Target Support Files/Pods/Pods.release.xcconfig"; sourceTree = "<group>"; };
		5803F0CC1C190FFC0071FDDA /* RVRefreshViewController.h */ = {isa = PBXFileReference; fileEncoding = 4; lastKnownFileType = sourcecode.c.h; path = RVRefreshViewController.h; sourceTree = "<group>"; };
		5803F0CD1C190FFC0071FDDA /* RVRefreshViewController.m */ = {isa = PBXFileReference; fileEncoding = 4; lastKnownFileType = sourcecode.c.objc; path = RVRefreshViewController.m; sourceTree = "<group>"; };
		5803F0CE1C190FFC0071FDDA /* RVRefreshViewController.xib */ = {isa = PBXFileReference; fileEncoding = 4; lastKnownFileType = file.xib; path = RVRefreshViewController.xib; sourceTree = "<group>"; };
		5803F0D11C1913260071FDDA /* RVScrollViewController.h */ = {isa = PBXFileReference; fileEncoding = 4; lastKnownFileType = sourcecode.c.h; path = RVScrollViewController.h; sourceTree = "<group>"; };
		5803F0D21C1913260071FDDA /* RVScrollViewController.m */ = {isa = PBXFileReference; fileEncoding = 4; lastKnownFileType = sourcecode.c.objc; path = RVScrollViewController.m; sourceTree = "<group>"; };
		5803F0D31C1913260071FDDA /* RVScrollViewController.xib */ = {isa = PBXFileReference; fileEncoding = 4; lastKnownFileType = file.xib; path = RVScrollViewController.xib; sourceTree = "<group>"; };
		5803F0D61C196F520071FDDA /* RVRectViewController.h */ = {isa = PBXFileReference; fileEncoding = 4; lastKnownFileType = sourcecode.c.h; path = RVRectViewController.h; sourceTree = "<group>"; };
		5803F0D71C196F520071FDDA /* RVRectViewController.m */ = {isa = PBXFileReference; fileEncoding = 4; lastKnownFileType = sourcecode.c.objc; path = RVRectViewController.m; sourceTree = "<group>"; };
		5803F0D81C196F520071FDDA /* RVRectViewController.xib */ = {isa = PBXFileReference; fileEncoding = 4; lastKnownFileType = file.xib; path = RVRectViewController.xib; sourceTree = "<group>"; };
		5850B2671BF47F2A00EC9144 /* RXVerifyExample.app */ = {isa = PBXFileReference; explicitFileType = wrapper.application; includeInIndex = 0; path = RXVerifyExample.app; sourceTree = BUILT_PRODUCTS_DIR; };
		5850B26B1BF47F2A00EC9144 /* main.mm */ = {isa = PBXFileReference; lastKnownFileType = sourcecode.cpp.objcpp; path = main.mm; sourceTree = "<group>"; };
		5850B26D1BF47F2A00EC9144 /* AppDelegate.h */ = {isa = PBXFileReference; lastKnownFileType = sourcecode.c.h; path = AppDelegate.h; sourceTree = "<group>"; };
		5850B26E1BF47F2A00EC9144 /* AppDelegate.m */ = {isa = PBXFileReference; lastKnownFileType = sourcecode.c.objc; path = AppDelegate.m; sourceTree = "<group>"; };
		5850B2761BF47F2A00EC9144 /* Assets.xcassets */ = {isa = PBXFileReference; lastKnownFileType = folder.assetcatalog; path = Assets.xcassets; sourceTree = "<group>"; };
		5850B27B1BF47F2A00EC9144 /* Info.plist */ = {isa = PBXFileReference; lastKnownFileType = text.plist.xml; path = Info.plist; sourceTree = "<group>"; };
		5850B2821BF4803E00EC9144 /* coretext-image-1.jpg */ = {isa = PBXFileReference; lastKnownFileType = image.jpeg; path = "coretext-image-1.jpg"; sourceTree = "<group>"; };
		5850B2831BF4803E00EC9144 /* coretext-image-2.jpg */ = {isa = PBXFileReference; lastKnownFileType = image.jpeg; path = "coretext-image-2.jpg"; sourceTree = "<group>"; };
		5886CDAB1C182D7500013C76 /* RVMenuViewController.h */ = {isa = PBXFileReference; fileEncoding = 4; lastKnownFileType = sourcecode.c.h; path = RVMenuViewController.h; sourceTree = "<group>"; };
		5886CDAC1C182D7500013C76 /* RVMenuViewController.m */ = {isa = PBXFileReference; fileEncoding = 4; lastKnownFileType = sourcecode.c.objc; path = RVMenuViewController.m; sourceTree = "<group>"; };
		5886CDAD1C182D7500013C76 /* RVMenuViewController.xib */ = {isa = PBXFileReference; fileEncoding = 4; lastKnownFileType = file.xib; path = RVMenuViewController.xib; sourceTree = "<group>"; };
		5886CDB01C182E4F00013C76 /* UIViewController+RV.h */ = {isa = PBXFileReference; fileEncoding = 4; lastKnownFileType = sourcecode.c.h; path = "UIViewController+RV.h"; sourceTree = "<group>"; };
		5886CDB11C182E4F00013C76 /* UIViewController+RV.m */ = {isa = PBXFileReference; fileEncoding = 4; lastKnownFileType = sourcecode.c.objc; path = "UIViewController+RV.m"; sourceTree = "<group>"; };
		5886CDB31C182ED400013C76 /* RXVerifyExample-Prefix.pch */ = {isa = PBXFileReference; fileEncoding = 4; lastKnownFileType = sourcecode.c.h; path = "RXVerifyExample-Prefix.pch"; sourceTree = "<group>"; };
		5892A8221C1672FC00EEE3D6 /* QuartzCore.framework */ = {isa = PBXFileReference; lastKnownFileType = wrapper.framework; name = QuartzCore.framework; path = System/Library/Frameworks/QuartzCore.framework; sourceTree = SDKROOT; };
		58AAC3111C38CDF20023D2EA /* RVButtonViewController.h */ = {isa = PBXFileReference; fileEncoding = 4; lastKnownFileType = sourcecode.c.h; path = RVButtonViewController.h; sourceTree = "<group>"; };
		58AAC3121C38CDF20023D2EA /* RVButtonViewController.m */ = {isa = PBXFileReference; fileEncoding = 4; lastKnownFileType = sourcecode.c.objc; path = RVButtonViewController.m; sourceTree = "<group>"; };
		58AAC3131C38CDF20023D2EA /* RVButtonViewController.xib */ = {isa = PBXFileReference; fileEncoding = 4; lastKnownFileType = file.xib; path = RVButtonViewController.xib; sourceTree = "<group>"; };
		58BF5F861C16BAC500E8AEF3 /* MainViewController.h */ = {isa = PBXFileReference; fileEncoding = 4; lastKnownFileType = sourcecode.c.h; path = MainViewController.h; sourceTree = "<group>"; };
		58BF5F871C16BAC500E8AEF3 /* MainViewController.m */ = {isa = PBXFileReference; fileEncoding = 4; lastKnownFileType = sourcecode.c.objc; path = MainViewController.m; sourceTree = "<group>"; };
		58BF5F881C16BAC500E8AEF3 /* MainViewController.xib */ = {isa = PBXFileReference; fileEncoding = 4; lastKnownFileType = file.xib; path = MainViewController.xib; sourceTree = "<group>"; };
		58CA8D581C1ABEFB00A507BE /* RVTransformViewController.h */ = {isa = PBXFileReference; fileEncoding = 4; lastKnownFileType = sourcecode.c.h; path = RVTransformViewController.h; sourceTree = "<group>"; };
		58CA8D591C1ABEFB00A507BE /* RVTransformViewController.m */ = {isa = PBXFileReference; fileEncoding = 4; lastKnownFileType = sourcecode.c.objc; path = RVTransformViewController.m; sourceTree = "<group>"; };
		58CA8D5A1C1ABEFB00A507BE /* RVTransformViewController.xib */ = {isa = PBXFileReference; fileEncoding = 4; lastKnownFileType = file.xib; path = RVTransformViewController.xib; sourceTree = "<group>"; };
		58D660271C256BAD00912786 /* RVWYViewController.h */ = {isa = PBXFileReference; fileEncoding = 4; lastKnownFileType = sourcecode.c.h; path = RVWYViewController.h; sourceTree = "<group>"; };
		58D660281C256BAD00912786 /* RVWYViewController.m */ = {isa = PBXFileReference; fileEncoding = 4; lastKnownFileType = sourcecode.c.objc; path = RVWYViewController.m; sourceTree = "<group>"; };
		58D660291C256BAD00912786 /* RVWYViewController.xib */ = {isa = PBXFileReference; fileEncoding = 4; lastKnownFileType = file.xib; path = RVWYViewController.xib; sourceTree = "<group>"; };
		58D6602F1C2571A700912786 /* RXMenuItemView.h */ = {isa = PBXFileReference; fileEncoding = 4; lastKnownFileType = sourcecode.c.h; path = RXMenuItemView.h; sourceTree = "<group>"; };
		58D660301C2571A700912786 /* RXMenuItemView.m */ = {isa = PBXFileReference; fileEncoding = 4; lastKnownFileType = sourcecode.c.objc; path = RXMenuItemView.m; sourceTree = "<group>"; };
		58D660311C2571A700912786 /* RXMenuView.h */ = {isa = PBXFileReference; fileEncoding = 4; lastKnownFileType = sourcecode.c.h; path = RXMenuView.h; sourceTree = "<group>"; };
		58D660321C2571A700912786 /* RXMenuView.m */ = {isa = PBXFileReference; fileEncoding = 4; lastKnownFileType = sourcecode.c.objc; path = RXMenuView.m; sourceTree = "<group>"; };
		58D660341C2571A700912786 /* RXItemView.h */ = {isa = PBXFileReference; fileEncoding = 4; lastKnownFileType = sourcecode.c.h; path = RXItemView.h; sourceTree = "<group>"; };
		58D660351C2571A700912786 /* RXItemView.m */ = {isa = PBXFileReference; fileEncoding = 4; lastKnownFileType = sourcecode.c.objc; path = RXItemView.m; sourceTree = "<group>"; };
		58D660361C2571A700912786 /* RXRefreshView.h */ = {isa = PBXFileReference; fileEncoding = 4; lastKnownFileType = sourcecode.c.h; path = RXRefreshView.h; sourceTree = "<group>"; };
		58D660371C2571A700912786 /* RXRefreshView.m */ = {isa = PBXFileReference; fileEncoding = 4; lastKnownFileType = sourcecode.c.objc; path = RXRefreshView.m; sourceTree = "<group>"; };
		58D660461C25A54A00912786 /* RVPopupBoxViewController.h */ = {isa = PBXFileReference; fileEncoding = 4; lastKnownFileType = sourcecode.c.h; path = RVPopupBoxViewController.h; sourceTree = "<group>"; };
		58D660471C25A54A00912786 /* RVPopupBoxViewController.m */ = {isa = PBXFileReference; fileEncoding = 4; lastKnownFileType = sourcecode.c.objc; path = RVPopupBoxViewController.m; sourceTree = "<group>"; };
		58D660481C25A54A00912786 /* RVPopupBoxViewController.xib */ = {isa = PBXFileReference; fileEncoding = 4; lastKnownFileType = file.xib; path = RVPopupBoxViewController.xib; sourceTree = "<group>"; };
		58FF7D741C4623A200F06976 /* libPaymentControl.a */ = {isa = PBXFileReference; lastKnownFileType = archive.ar; path = libPaymentControl.a; sourceTree = "<group>"; };
		58FF7D751C4623A200F06976 /* UPPaymentControl.h */ = {isa = PBXFileReference; fileEncoding = 4; lastKnownFileType = sourcecode.c.h; path = UPPaymentControl.h; sourceTree = "<group>"; };
		58FF7D771C4623DC00F06976 /* CFNetwork.framework */ = {isa = PBXFileReference; lastKnownFileType = wrapper.framework; name = CFNetwork.framework; path = System/Library/Frameworks/CFNetwork.framework; sourceTree = SDKROOT; };
		58FF7D791C4623E900F06976 /* SystemConfiguration.framework */ = {isa = PBXFileReference; lastKnownFileType = wrapper.framework; name = SystemConfiguration.framework; path = System/Library/Frameworks/SystemConfiguration.framework; sourceTree = SDKROOT; };
		58FF7D7B1C4623F000F06976 /* libz.tbd */ = {isa = PBXFileReference; lastKnownFileType = "sourcecode.text-based-dylib-definition"; name = libz.tbd; path = usr/lib/libz.tbd; sourceTree = SDKROOT; };
		58FF7D821C4624E000F06976 /* RVUPPayViewController.h */ = {isa = PBXFileReference; fileEncoding = 4; lastKnownFileType = sourcecode.c.h; path = RVUPPayViewController.h; sourceTree = "<group>"; };
		58FF7D831C4624E000F06976 /* RVUPPayViewController.m */ = {isa = PBXFileReference; fileEncoding = 4; lastKnownFileType = sourcecode.c.objc; path = RVUPPayViewController.m; sourceTree = "<group>"; };
		58FF7D841C4624E000F06976 /* RVUPPayViewController.xib */ = {isa = PBXFileReference; fileEncoding = 4; lastKnownFileType = file.xib; path = RVUPPayViewController.xib; sourceTree = "<group>"; };
		89CB7AC47D3FCAD8FBB7593A /* Pods.debug.xcconfig */ = {isa = PBXFileReference; includeInIndex = 1; lastKnownFileType = text.xcconfig; name = Pods.debug.xcconfig; path = "Pods/Target Support Files/Pods/Pods.debug.xcconfig"; sourceTree = "<group>"; };
		C9C326041CA28E9F00E65090 /* RVGCDViewController.h */ = {isa = PBXFileReference; fileEncoding = 4; lastKnownFileType = sourcecode.c.h; path = RVGCDViewController.h; sourceTree = "<group>"; };
		C9C326051CA28E9F00E65090 /* RVGCDViewController.m */ = {isa = PBXFileReference; fileEncoding = 4; lastKnownFileType = sourcecode.c.objc; path = RVGCDViewController.m; sourceTree = "<group>"; };
		C9C326061CA28E9F00E65090 /* RVGCDViewController.xib */ = {isa = PBXFileReference; fileEncoding = 4; lastKnownFileType = file.xib; path = RVGCDViewController.xib; sourceTree = "<group>"; };
		DA873A2C4D346B9960AB9F28 /* libPods.a */ = {isa = PBXFileReference; explicitFileType = archive.ar; includeInIndex = 0; path = libPods.a; sourceTree = BUILT_PRODUCTS_DIR; };
/* End PBXFileReference section */

/* Begin PBXFrameworksBuildPhase section */
		5850B2641BF47F2A00EC9144 /* Frameworks */ = {
			isa = PBXFrameworksBuildPhase;
			buildActionMask = 2147483647;
			files = (
				58FF7D7C1C4623F000F06976 /* libz.tbd in Frameworks */,
				58FF7D7A1C4623E900F06976 /* SystemConfiguration.framework in Frameworks */,
				58FF7D781C4623DC00F06976 /* CFNetwork.framework in Frameworks */,
				5892A8231C1672FC00EEE3D6 /* QuartzCore.framework in Frameworks */,
				688362FEF9A294D3EAF9F0B6 /* libPods.a in Frameworks */,
				58FF7D761C4623A200F06976 /* libPaymentControl.a in Frameworks */,
			);
			runOnlyForDeploymentPostprocessing = 0;
		};
/* End PBXFrameworksBuildPhase section */

/* Begin PBXGroup section */
		19AF93432503A28159EAC606 /* Frameworks */ = {
			isa = PBXGroup;
			children = (
				58FF7D7B1C4623F000F06976 /* libz.tbd */,
				58FF7D791C4623E900F06976 /* SystemConfiguration.framework */,
				58FF7D771C4623DC00F06976 /* CFNetwork.framework */,
				5892A8221C1672FC00EEE3D6 /* QuartzCore.framework */,
				DA873A2C4D346B9960AB9F28 /* libPods.a */,
			);
			name = Frameworks;
			sourceTree = "<group>";
		};
		5850B25E1BF47F2A00EC9144 = {
			isa = PBXGroup;
			children = (
				5850B2691BF47F2A00EC9144 /* RXVerifyExample */,
				5850B2681BF47F2A00EC9144 /* Products */,
				7665CA80429FCCB402637051 /* Pods */,
				19AF93432503A28159EAC606 /* Frameworks */,
			);
			sourceTree = "<group>";
		};
		5850B2681BF47F2A00EC9144 /* Products */ = {
			isa = PBXGroup;
			children = (
				5850B2671BF47F2A00EC9144 /* RXVerifyExample.app */,
			);
			name = Products;
			sourceTree = "<group>";
		};
		5850B2691BF47F2A00EC9144 /* RXVerifyExample */ = {
			isa = PBXGroup;
			children = (
				58FF7D721C4623A200F06976 /* Third */,
				58D6602C1C25719700912786 /* RXPersonal */,
				5886CDAA1C18235B00013C76 /* VC */,
				5850B2811BF4803E00EC9144 /* Res */,
				5850B26D1BF47F2A00EC9144 /* AppDelegate.h */,
				5850B26E1BF47F2A00EC9144 /* AppDelegate.m */,
				5850B2761BF47F2A00EC9144 /* Assets.xcassets */,
				5850B27B1BF47F2A00EC9144 /* Info.plist */,
				5850B26A1BF47F2A00EC9144 /* Supporting Files */,
				58BF5F861C16BAC500E8AEF3 /* MainViewController.h */,
				58BF5F871C16BAC500E8AEF3 /* MainViewController.m */,
				58BF5F881C16BAC500E8AEF3 /* MainViewController.xib */,
			);
			path = RXVerifyExample;
			sourceTree = "<group>";
		};
		5850B26A1BF47F2A00EC9144 /* Supporting Files */ = {
			isa = PBXGroup;
			children = (
				5886CDB31C182ED400013C76 /* RXVerifyExample-Prefix.pch */,
				5850B26B1BF47F2A00EC9144 /* main.mm */,
			);
			name = "Supporting Files";
			sourceTree = "<group>";
		};
		5850B2811BF4803E00EC9144 /* Res */ = {
			isa = PBXGroup;
			children = (
				5850B2821BF4803E00EC9144 /* coretext-image-1.jpg */,
				5850B2831BF4803E00EC9144 /* coretext-image-2.jpg */,
			);
			path = Res;
			sourceTree = "<group>";
		};
		5886CDAA1C18235B00013C76 /* VC */ = {
			isa = PBXGroup;
			children = (
				5886CDAB1C182D7500013C76 /* RVMenuViewController.h */,
				5886CDAC1C182D7500013C76 /* RVMenuViewController.m */,
				5886CDAD1C182D7500013C76 /* RVMenuViewController.xib */,
				5886CDB01C182E4F00013C76 /* UIViewController+RV.h */,
				5886CDB11C182E4F00013C76 /* UIViewController+RV.m */,
				5803F0CC1C190FFC0071FDDA /* RVRefreshViewController.h */,
				5803F0CD1C190FFC0071FDDA /* RVRefreshViewController.m */,
				5803F0CE1C190FFC0071FDDA /* RVRefreshViewController.xib */,
				5803F0D11C1913260071FDDA /* RVScrollViewController.h */,
				5803F0D21C1913260071FDDA /* RVScrollViewController.m */,
				5803F0D31C1913260071FDDA /* RVScrollViewController.xib */,
				5803F0D61C196F520071FDDA /* RVRectViewController.h */,
				5803F0D71C196F520071FDDA /* RVRectViewController.m */,
				5803F0D81C196F520071FDDA /* RVRectViewController.xib */,
				58CA8D581C1ABEFB00A507BE /* RVTransformViewController.h */,
				58CA8D591C1ABEFB00A507BE /* RVTransformViewController.m */,
				58CA8D5A1C1ABEFB00A507BE /* RVTransformViewController.xib */,
				58D660271C256BAD00912786 /* RVWYViewController.h */,
				58D660281C256BAD00912786 /* RVWYViewController.m */,
				58D660291C256BAD00912786 /* RVWYViewController.xib */,
				58D660461C25A54A00912786 /* RVPopupBoxViewController.h */,
				58D660471C25A54A00912786 /* RVPopupBoxViewController.m */,
				58D660481C25A54A00912786 /* RVPopupBoxViewController.xib */,
				58AAC3111C38CDF20023D2EA /* RVButtonViewController.h */,
				58AAC3121C38CDF20023D2EA /* RVButtonViewController.m */,
				58AAC3131C38CDF20023D2EA /* RVButtonViewController.xib */,
				58FF7D821C4624E000F06976 /* RVUPPayViewController.h */,
				58FF7D831C4624E000F06976 /* RVUPPayViewController.m */,
				58FF7D841C4624E000F06976 /* RVUPPayViewController.xib */,
				C9C326041CA28E9F00E65090 /* RVGCDViewController.h */,
				C9C326051CA28E9F00E65090 /* RVGCDViewController.m */,
				C9C326061CA28E9F00E65090 /* RVGCDViewController.xib */,
			);
			path = VC;
			sourceTree = "<group>";
		};
		58D6602C1C25719700912786 /* RXPersonal */ = {
			isa = PBXGroup;
			children = (
				58D6602E1C2571A700912786 /* RXMenu */,
				58D660331C2571A700912786 /* RXRefreshView */,
			);
			path = RXPersonal;
			sourceTree = "<group>";
		};
		58D6602E1C2571A700912786 /* RXMenu */ = {
			isa = PBXGroup;
			children = (
				58D6602F1C2571A700912786 /* RXMenuItemView.h */,
				58D660301C2571A700912786 /* RXMenuItemView.m */,
				58D660311C2571A700912786 /* RXMenuView.h */,
				58D660321C2571A700912786 /* RXMenuView.m */,
			);
			path = RXMenu;
			sourceTree = "<group>";
		};
		58D660331C2571A700912786 /* RXRefreshView */ = {
			isa = PBXGroup;
			children = (
				58D660341C2571A700912786 /* RXItemView.h */,
				58D660351C2571A700912786 /* RXItemView.m */,
				58D660361C2571A700912786 /* RXRefreshView.h */,
				58D660371C2571A700912786 /* RXRefreshView.m */,
			);
			path = RXRefreshView;
			sourceTree = "<group>";
		};
		58FF7D721C4623A200F06976 /* Third */ = {
			isa = PBXGroup;
			children = (
				58FF7D731C4623A200F06976 /* UnionPay */,
			);
			path = Third;
			sourceTree = "<group>";
		};
		58FF7D731C4623A200F06976 /* UnionPay */ = {
			isa = PBXGroup;
			children = (
				58FF7D741C4623A200F06976 /* libPaymentControl.a */,
				58FF7D751C4623A200F06976 /* UPPaymentControl.h */,
			);
			path = UnionPay;
			sourceTree = "<group>";
		};
		7665CA80429FCCB402637051 /* Pods */ = {
			isa = PBXGroup;
			children = (
				89CB7AC47D3FCAD8FBB7593A /* Pods.debug.xcconfig */,
				37734B22BC636E123BE17792 /* Pods.release.xcconfig */,
			);
			name = Pods;
			sourceTree = "<group>";
		};
/* End PBXGroup section */

/* Begin PBXNativeTarget section */
		5850B2661BF47F2A00EC9144 /* RXVerifyExample */ = {
			isa = PBXNativeTarget;
			buildConfigurationList = 5850B27E1BF47F2A00EC9144 /* Build configuration list for PBXNativeTarget "RXVerifyExample" */;
			buildPhases = (
				E74F8666EF632B6B9A292768 /* Check Pods Manifest.lock */,
				5850B2631BF47F2A00EC9144 /* Sources */,
				5850B2641BF47F2A00EC9144 /* Frameworks */,
				5850B2651BF47F2A00EC9144 /* Resources */,
				5FF9E7841D5992B42350B50B /* Copy Pods Resources */,
				6C09CE7B8171E4BEA195F0F2 /* Embed Pods Frameworks */,
			);
			buildRules = (
			);
			dependencies = (
			);
			name = RXVerifyExample;
			productName = RXVerifyExample;
			productReference = 5850B2671BF47F2A00EC9144 /* RXVerifyExample.app */;
			productType = "com.apple.product-type.application";
		};
/* End PBXNativeTarget section */

/* Begin PBXProject section */
		5850B25F1BF47F2A00EC9144 /* Project object */ = {
			isa = PBXProject;
			attributes = {
				LastUpgradeCheck = 0710;
				ORGANIZATIONNAME = Rush.D.Xzj;
				TargetAttributes = {
					5850B2661BF47F2A00EC9144 = {
						CreatedOnToolsVersion = 7.1;
					};
				};
			};
			buildConfigurationList = 5850B2621BF47F2A00EC9144 /* Build configuration list for PBXProject "RXVerifyExample" */;
			compatibilityVersion = "Xcode 3.2";
			developmentRegion = English;
			hasScannedForEncodings = 0;
			knownRegions = (
				en,
				Base,
			);
			mainGroup = 5850B25E1BF47F2A00EC9144;
			productRefGroup = 5850B2681BF47F2A00EC9144 /* Products */;
			projectDirPath = "";
			projectRoot = "";
			targets = (
				5850B2661BF47F2A00EC9144 /* RXVerifyExample */,
			);
		};
/* End PBXProject section */

/* Begin PBXResourcesBuildPhase section */
		5850B2651BF47F2A00EC9144 /* Resources */ = {
			isa = PBXResourcesBuildPhase;
			buildActionMask = 2147483647;
			files = (
				5850B2771BF47F2A00EC9144 /* Assets.xcassets in Resources */,
				5850B2851BF4803E00EC9144 /* coretext-image-2.jpg in Resources */,
				5850B2841BF4803E00EC9144 /* coretext-image-1.jpg in Resources */,
				5886CDAF1C182D7500013C76 /* RVMenuViewController.xib in Resources */,
				58D6604A1C25A54A00912786 /* RVPopupBoxViewController.xib in Resources */,
				58D6602B1C256BAD00912786 /* RVWYViewController.xib in Resources */,
				58FF7D861C4624E000F06976 /* RVUPPayViewController.xib in Resources */,
				58AAC3151C38CDF20023D2EA /* RVButtonViewController.xib in Resources */,
				5803F0D01C190FFC0071FDDA /* RVRefreshViewController.xib in Resources */,
				C9C326081CA28E9F00E65090 /* RVGCDViewController.xib in Resources */,
				5803F0D51C1913260071FDDA /* RVScrollViewController.xib in Resources */,
				5803F0DA1C196F520071FDDA /* RVRectViewController.xib in Resources */,
				58CA8D5C1C1ABEFB00A507BE /* RVTransformViewController.xib in Resources */,
				58BF5F8A1C16BAC500E8AEF3 /* MainViewController.xib in Resources */,
			);
			runOnlyForDeploymentPostprocessing = 0;
		};
/* End PBXResourcesBuildPhase section */

/* Begin PBXShellScriptBuildPhase section */
		5FF9E7841D5992B42350B50B /* Copy Pods Resources */ = {
			isa = PBXShellScriptBuildPhase;
			buildActionMask = 2147483647;
			files = (
			);
			inputPaths = (
			);
			name = "Copy Pods Resources";
			outputPaths = (
			);
			runOnlyForDeploymentPostprocessing = 0;
			shellPath = /bin/sh;
			shellScript = "\"${SRCROOT}/Pods/Target Support Files/Pods/Pods-resources.sh\"\n";
			showEnvVarsInLog = 0;
		};
		6C09CE7B8171E4BEA195F0F2 /* Embed Pods Frameworks */ = {
			isa = PBXShellScriptBuildPhase;
			buildActionMask = 2147483647;
			files = (
			);
			inputPaths = (
			);
			name = "Embed Pods Frameworks";
			outputPaths = (
			);
			runOnlyForDeploymentPostprocessing = 0;
			shellPath = /bin/sh;
			shellScript = "\"${SRCROOT}/Pods/Target Support Files/Pods/Pods-frameworks.sh\"\n";
			showEnvVarsInLog = 0;
		};
		E74F8666EF632B6B9A292768 /* Check Pods Manifest.lock */ = {
			isa = PBXShellScriptBuildPhase;
			buildActionMask = 2147483647;
			files = (
			);
			inputPaths = (
			);
			name = "Check Pods Manifest.lock";
			outputPaths = (
			);
			runOnlyForDeploymentPostprocessing = 0;
			shellPath = /bin/sh;
			shellScript = "diff \"${PODS_ROOT}/../Podfile.lock\" \"${PODS_ROOT}/Manifest.lock\" > /dev/null\nif [[ $? != 0 ]] ; then\n    cat << EOM\nerror: The sandbox is not in sync with the Podfile.lock. Run 'pod install' or update your CocoaPods installation.\nEOM\n    exit 1\nfi\n";
			showEnvVarsInLog = 0;
		};
/* End PBXShellScriptBuildPhase section */

/* Begin PBXSourcesBuildPhase section */
		5850B2631BF47F2A00EC9144 /* Sources */ = {
			isa = PBXSourcesBuildPhase;
			buildActionMask = 2147483647;
			files = (
				5803F0CF1C190FFC0071FDDA /* RVRefreshViewController.m in Sources */,
				58D660391C2571A700912786 /* RXMenuView.m in Sources */,
				5886CDB21C182E4F00013C76 /* UIViewController+RV.m in Sources */,
				58D6603A1C2571A700912786 /* RXItemView.m in Sources */,
				5803F0D41C1913260071FDDA /* RVScrollViewController.m in Sources */,
				5886CDAE1C182D7500013C76 /* RVMenuViewController.m in Sources */,
				58AAC3141C38CDF20023D2EA /* RVButtonViewController.m in Sources */,
				58D6602A1C256BAD00912786 /* RVWYViewController.m in Sources */,
				58D660491C25A54A00912786 /* RVPopupBoxViewController.m in Sources */,
				58FF7D851C4624E000F06976 /* RVUPPayViewController.m in Sources */,
				58D6603B1C2571A700912786 /* RXRefreshView.m in Sources */,
				C9C326071CA28E9F00E65090 /* RVGCDViewController.m in Sources */,
				5850B26F1BF47F2A00EC9144 /* AppDelegate.m in Sources */,
				58BF5F891C16BAC500E8AEF3 /* MainViewController.m in Sources */,
				5803F0D91C196F520071FDDA /* RVRectViewController.m in Sources */,
				58D660381C2571A700912786 /* RXMenuItemView.m in Sources */,
				58CA8D5B1C1ABEFB00A507BE /* RVTransformViewController.m in Sources */,
				5850B26C1BF47F2A00EC9144 /* main.mm in Sources */,
			);
			runOnlyForDeploymentPostprocessing = 0;
		};
/* End PBXSourcesBuildPhase section */

/* Begin XCBuildConfiguration section */
		5850B27C1BF47F2A00EC9144 /* Debug */ = {
			isa = XCBuildConfiguration;
			buildSettings = {
				ALWAYS_SEARCH_USER_PATHS = NO;
				CLANG_CXX_LANGUAGE_STANDARD = "gnu++0x";
				CLANG_CXX_LIBRARY = "libc++";
				CLANG_ENABLE_MODULES = YES;
				CLANG_ENABLE_OBJC_ARC = YES;
				CLANG_WARN_BOOL_CONVERSION = YES;
				CLANG_WARN_CONSTANT_CONVERSION = YES;
				CLANG_WARN_DIRECT_OBJC_ISA_USAGE = YES_ERROR;
				CLANG_WARN_EMPTY_BODY = YES;
				CLANG_WARN_ENUM_CONVERSION = YES;
				CLANG_WARN_INT_CONVERSION = YES;
				CLANG_WARN_OBJC_ROOT_CLASS = YES_ERROR;
				CLANG_WARN_UNREACHABLE_CODE = YES;
				CLANG_WARN__DUPLICATE_METHOD_MATCH = YES;
				"CODE_SIGN_IDENTITY[sdk=iphoneos*]" = "iPhone Developer";
				COPY_PHASE_STRIP = NO;
				DEBUG_INFORMATION_FORMAT = dwarf;
				ENABLE_STRICT_OBJC_MSGSEND = YES;
				ENABLE_TESTABILITY = YES;
				GCC_C_LANGUAGE_STANDARD = gnu99;
				GCC_DYNAMIC_NO_PIC = NO;
				GCC_NO_COMMON_BLOCKS = YES;
				GCC_OPTIMIZATION_LEVEL = 0;
				GCC_PREPROCESSOR_DEFINITIONS = (
					"DEBUG=1",
					"$(inherited)",
				);
				GCC_WARN_64_TO_32_BIT_CONVERSION = YES;
				GCC_WARN_ABOUT_RETURN_TYPE = YES_ERROR;
				GCC_WARN_UNDECLARED_SELECTOR = YES;
				GCC_WARN_UNINITIALIZED_AUTOS = YES_AGGRESSIVE;
				GCC_WARN_UNUSED_FUNCTION = YES;
				GCC_WARN_UNUSED_VARIABLE = YES;
				IPHONEOS_DEPLOYMENT_TARGET = 7.0;
				MTL_ENABLE_DEBUG_INFO = YES;
				ONLY_ACTIVE_ARCH = YES;
				SDKROOT = iphoneos;
				TARGETED_DEVICE_FAMILY = "1,2";
			};
			name = Debug;
		};
		5850B27D1BF47F2A00EC9144 /* Release */ = {
			isa = XCBuildConfiguration;
			buildSettings = {
				ALWAYS_SEARCH_USER_PATHS = NO;
				CLANG_CXX_LANGUAGE_STANDARD = "gnu++0x";
				CLANG_CXX_LIBRARY = "libc++";
				CLANG_ENABLE_MODULES = YES;
				CLANG_ENABLE_OBJC_ARC = YES;
				CLANG_WARN_BOOL_CONVERSION = YES;
				CLANG_WARN_CONSTANT_CONVERSION = YES;
				CLANG_WARN_DIRECT_OBJC_ISA_USAGE = YES_ERROR;
				CLANG_WARN_EMPTY_BODY = YES;
				CLANG_WARN_ENUM_CONVERSION = YES;
				CLANG_WARN_INT_CONVERSION = YES;
				CLANG_WARN_OBJC_ROOT_CLASS = YES_ERROR;
				CLANG_WARN_UNREACHABLE_CODE = YES;
				CLANG_WARN__DUPLICATE_METHOD_MATCH = YES;
				"CODE_SIGN_IDENTITY[sdk=iphoneos*]" = "iPhone Developer";
				COPY_PHASE_STRIP = NO;
				DEBUG_INFORMATION_FORMAT = "dwarf-with-dsym";
				ENABLE_NS_ASSERTIONS = NO;
				ENABLE_STRICT_OBJC_MSGSEND = YES;
				GCC_C_LANGUAGE_STANDARD = gnu99;
				GCC_NO_COMMON_BLOCKS = YES;
				GCC_WARN_64_TO_32_BIT_CONVERSION = YES;
				GCC_WARN_ABOUT_RETURN_TYPE = YES_ERROR;
				GCC_WARN_UNDECLARED_SELECTOR = YES;
				GCC_WARN_UNINITIALIZED_AUTOS = YES_AGGRESSIVE;
				GCC_WARN_UNUSED_FUNCTION = YES;
				GCC_WARN_UNUSED_VARIABLE = YES;
				IPHONEOS_DEPLOYMENT_TARGET = 7.0;
				MTL_ENABLE_DEBUG_INFO = NO;
				SDKROOT = iphoneos;
				TARGETED_DEVICE_FAMILY = "1,2";
				VALIDATE_PRODUCT = YES;
			};
			name = Release;
		};
		5850B27F1BF47F2A00EC9144 /* Debug */ = {
			isa = XCBuildConfiguration;
			baseConfigurationReference = 89CB7AC47D3FCAD8FBB7593A /* Pods.debug.xcconfig */;
			buildSettings = {
				ASSETCATALOG_COMPILER_APPICON_NAME = AppIcon;
				ASSETCATALOG_COMPILER_LAUNCHIMAGE_NAME = LaunchImage;
				GCC_PREFIX_HEADER = "RXVerifyExample/RXVerifyExample-Prefix.pch";
				INFOPLIST_FILE = RXVerifyExample/Info.plist;
				IPHONEOS_DEPLOYMENT_TARGET = 7.0;
				LD_RUNPATH_SEARCH_PATHS = "$(inherited) @executable_path/Frameworks";
				LIBRARY_SEARCH_PATHS = (
					"$(inherited)",
					"$(PROJECT_DIR)/RXVerifyExample/Third/UnionPay",
				);
				PRODUCT_BUNDLE_IDENTIFIER = com.xzj.RXVerifyExample;
				PRODUCT_NAME = "$(TARGET_NAME)";
				TARGETED_DEVICE_FAMILY = 1;
			};
			name = Debug;
		};
		5850B2801BF47F2A00EC9144 /* Release */ = {
			isa = XCBuildConfiguration;
			baseConfigurationReference = 37734B22BC636E123BE17792 /* Pods.release.xcconfig */;
			buildSettings = {
				ASSETCATALOG_COMPILER_APPICON_NAME = AppIcon;
				ASSETCATALOG_COMPILER_LAUNCHIMAGE_NAME = LaunchImage;
				GCC_PREFIX_HEADER = "RXVerifyExample/RXVerifyExample-Prefix.pch";
				INFOPLIST_FILE = RXVerifyExample/Info.plist;
				IPHONEOS_DEPLOYMENT_TARGET = 7.0;
				LD_RUNPATH_SEARCH_PATHS = "$(inherited) @executable_path/Frameworks";
				LIBRARY_SEARCH_PATHS = (
					"$(inherited)",
					"$(PROJECT_DIR)/RXVerifyExample/Third/UnionPay",
				);
				PRODUCT_BUNDLE_IDENTIFIER = com.xzj.RXVerifyExample;
				PRODUCT_NAME = "$(TARGET_NAME)";
				TARGETED_DEVICE_FAMILY = 1;
			};
			name = Release;
		};
/* End XCBuildConfiguration section */

/* Begin XCConfigurationList section */
		5850B2621BF47F2A00EC9144 /* Build configuration list for PBXProject "RXVerifyExample" */ = {
			isa = XCConfigurationList;
			buildConfigurations = (
				5850B27C1BF47F2A00EC9144 /* Debug */,
				5850B27D1BF47F2A00EC9144 /* Release */,
			);
			defaultConfigurationIsVisible = 0;
			defaultConfigurationName = Release;
		};
		5850B27E1BF47F2A00EC9144 /* Build configuration list for PBXNativeTarget "RXVerifyExample" */ = {
			isa = XCConfigurationList;
			buildConfigurations = (
				5850B27F1BF47F2A00EC9144 /* Debug */,
				5850B2801BF47F2A00EC9144 /* Release */,
			);
			defaultConfigurationIsVisible = 0;
			defaultConfigurationName = Release;
		};
/* End XCConfigurationList section */
	};
	rootObject = 5850B25F1BF47F2A00EC9144 /* Project object */;
}
